// !$*UTF8*$!
{
	archiveVersion = 1;
	classes = {
	};
	objectVersion = 48;
	objects = {

/* Begin PBXBuildFile section */
		002C0FF42B796F3500B264C1 /* 560.swift in Sources */ = {isa = PBXBuildFile; fileRef = 002C0FF32B796F3500B264C1 /* 560.swift */; };
		006075112C18CE64005BB5E4 /* 1768.swift in Sources */ = {isa = PBXBuildFile; fileRef = 006075102C18CE64005BB5E4 /* 1768.swift */; };
		006075142C18D769005BB5E4 /* 1071.swift in Sources */ = {isa = PBXBuildFile; fileRef = 006075132C18D769005BB5E4 /* 1071.swift */; };
		006075172C18DB71005BB5E4 /* 1431.swift in Sources */ = {isa = PBXBuildFile; fileRef = 006075162C18DB71005BB5E4 /* 1431.swift */; };
		006075192C18DDF0005BB5E4 /* 605.swift in Sources */ = {isa = PBXBuildFile; fileRef = 006075182C18DDF0005BB5E4 /* 605.swift */; };
		0060751B2C18E1DE005BB5E4 /* 345.swift in Sources */ = {isa = PBXBuildFile; fileRef = 0060751A2C18E1DE005BB5E4 /* 345.swift */; };
		0060751D2C18E4A4005BB5E4 /* 151.swift in Sources */ = {isa = PBXBuildFile; fileRef = 0060751C2C18E4A4005BB5E4 /* 151.swift */; };
		0060751F2C18E814005BB5E4 /* 334.swift in Sources */ = {isa = PBXBuildFile; fileRef = 0060751E2C18E814005BB5E4 /* 334.swift */; };
		006075212C18EB04005BB5E4 /* 443.swift in Sources */ = {isa = PBXBuildFile; fileRef = 006075202C18EB04005BB5E4 /* 443.swift */; };
		006075232C18EEEB005BB5E4 /* 392.swift in Sources */ = {isa = PBXBuildFile; fileRef = 006075222C18EEEB005BB5E4 /* 392.swift */; };
		00CC7B3D2C1A0F88003BFFDA /* 1679.swift in Sources */ = {isa = PBXBuildFile; fileRef = 00CC7B3C2C1A0F88003BFFDA /* 1679.swift */; };
		433FDC9C22DF8F0100A49821 /* 190.swift in Sources */ = {isa = PBXBuildFile; fileRef = 433FDC9B22DF8F0100A49821 /* 190.swift */; };
		433FDC9E22DF902400A49821 /* 198.swift in Sources */ = {isa = PBXBuildFile; fileRef = 433FDC9D22DF902400A49821 /* 198.swift */; };
		433FDCA022DF959800A49821 /* 237.swift in Sources */ = {isa = PBXBuildFile; fileRef = 433FDC9F22DF959800A49821 /* 237.swift */; };
		433FDCA222DF96D500A49821 /* 326.swift in Sources */ = {isa = PBXBuildFile; fileRef = 433FDCA122DF96D500A49821 /* 326.swift */; };
		433FDCA422DF980400A49821 /* 344.swift in Sources */ = {isa = PBXBuildFile; fileRef = 433FDCA322DF980400A49821 /* 344.swift */; };
		433FDCA622DF9A8700A49821 /* 387.swift in Sources */ = {isa = PBXBuildFile; fileRef = 433FDCA522DF9A8700A49821 /* 387.swift */; };
		433FDCA822DF9ECE00A49821 /* 412.swift in Sources */ = {isa = PBXBuildFile; fileRef = 433FDCA722DF9ECE00A49821 /* 412.swift */; };
		433FDCAA22DFA13900A49821 /* 226.swift in Sources */ = {isa = PBXBuildFile; fileRef = 433FDCA922DFA13900A49821 /* 226.swift */; };
		433FDCAC22DFA26300A49821 /* 437.swift in Sources */ = {isa = PBXBuildFile; fileRef = 433FDCAB22DFA26300A49821 /* 437.swift */; };
		433FDCAE22DFA56000A49821 /* 438.swift in Sources */ = {isa = PBXBuildFile; fileRef = 433FDCAD22DFA56000A49821 /* 438.swift */; };
		AD13A6F12040865300D6B40F /* 5.swift in Sources */ = {isa = PBXBuildFile; fileRef = AD13A6F02040865300D6B40F /* 5.swift */; };
		AD13D7AE22F38DD10016B539 /* 289.swift in Sources */ = {isa = PBXBuildFile; fileRef = AD13D7AD22F38DD10016B539 /* 289.swift */; };
		AD20928522EC700C00E3C31F /* 929.swift in Sources */ = {isa = PBXBuildFile; fileRef = AD20928422EC700C00E3C31F /* 929.swift */; };
		AD20928722EC766200E3C31F /* 200.swift in Sources */ = {isa = PBXBuildFile; fileRef = AD20928622EC766200E3C31F /* 200.swift */; };
		AD20928922EC7A9A00E3C31F /* 253.swift in Sources */ = {isa = PBXBuildFile; fileRef = AD20928822EC7A9A00E3C31F /* 253.swift */; };
		AD20928D22EC7E1800E3C31F /* 415.swift in Sources */ = {isa = PBXBuildFile; fileRef = AD20928C22EC7E1800E3C31F /* 415.swift */; };
		AD20928F22EC83F100E3C31F /* 42.swift in Sources */ = {isa = PBXBuildFile; fileRef = AD20928E22EC83F100E3C31F /* 42.swift */; };
		AD20929122EC87CA00E3C31F /* 23.swift in Sources */ = {isa = PBXBuildFile; fileRef = AD20929022EC87CA00E3C31F /* 23.swift */; };
		AD20929322EC9E6600E3C31F /* 22.swift in Sources */ = {isa = PBXBuildFile; fileRef = AD20929222EC9E6600E3C31F /* 22.swift */; };
		AD2505A623257C6700CDDBE7 /* 973.swift in Sources */ = {isa = PBXBuildFile; fileRef = AD2505A523257C6700CDDBE7 /* 973.swift */; };
		AD2505A823258FD400CDDBE7 /* 238.swift in Sources */ = {isa = PBXBuildFile; fileRef = AD2505A723258FD400CDDBE7 /* 238.swift */; };
		AD2505AA232598B400CDDBE7 /* 937.swift in Sources */ = {isa = PBXBuildFile; fileRef = AD2505A9232598B400CDDBE7 /* 937.swift */; };
		AD2505AC2325BF3100CDDBE7 /* 175.swift in Sources */ = {isa = PBXBuildFile; fileRef = AD2505AB2325BF3100CDDBE7 /* 175.swift */; };
		AD2505AE2325C25200CDDBE7 /* 33.swift in Sources */ = {isa = PBXBuildFile; fileRef = AD2505AD2325C25200CDDBE7 /* 33.swift */; };
		AD3D4AF21FDC062F006DD47C /* main.swift in Sources */ = {isa = PBXBuildFile; fileRef = AD3D4AF11FDC062F006DD47C /* main.swift */; };
		AD3D4AFA1FDC067E006DD47C /* ProblemProtocol.swift in Sources */ = {isa = PBXBuildFile; fileRef = AD3D4AF91FDC067E006DD47C /* ProblemProtocol.swift */; };
		AD3D4AFF1FDC06B4006DD47C /* 1.swift in Sources */ = {isa = PBXBuildFile; fileRef = AD3D4AFE1FDC06B4006DD47C /* 1.swift */; };
		AD3D4B011FDC0892006DD47C /* 7.swift in Sources */ = {isa = PBXBuildFile; fileRef = AD3D4B001FDC0892006DD47C /* 7.swift */; };
		AD3D4B031FDC0B3E006DD47C /* 9.swift in Sources */ = {isa = PBXBuildFile; fileRef = AD3D4B021FDC0B3E006DD47C /* 9.swift */; };
		AD3D4B051FDC0D74006DD47C /* 13.swift in Sources */ = {isa = PBXBuildFile; fileRef = AD3D4B041FDC0D74006DD47C /* 13.swift */; };
		AD3D4B071FDC1154006DD47C /* 14.swift in Sources */ = {isa = PBXBuildFile; fileRef = AD3D4B061FDC1154006DD47C /* 14.swift */; };
		AD3D4B091FDC1E55006DD47C /* 20.swift in Sources */ = {isa = PBXBuildFile; fileRef = AD3D4B081FDC1E55006DD47C /* 20.swift */; };
		AD3D4B0B1FDC2083006DD47C /* 21.swift in Sources */ = {isa = PBXBuildFile; fileRef = AD3D4B0A1FDC2083006DD47C /* 21.swift */; };
		AD3D4B0F1FDC21A0006DD47C /* ListNode.swift in Sources */ = {isa = PBXBuildFile; fileRef = AD3D4B0E1FDC21A0006DD47C /* ListNode.swift */; };
		AD3D4B111FDC293E006DD47C /* 26.swift in Sources */ = {isa = PBXBuildFile; fileRef = AD3D4B101FDC293E006DD47C /* 26.swift */; };
		AD3D4B161FDC2B7B006DD47C /* 27.swift in Sources */ = {isa = PBXBuildFile; fileRef = AD3D4B151FDC2B7B006DD47C /* 27.swift */; };
		AD3D4B181FDC2C52006DD47C /* 28.swift in Sources */ = {isa = PBXBuildFile; fileRef = AD3D4B171FDC2C52006DD47C /* 28.swift */; };
		AD3D4B1B1FDC2F1C006DD47C /* 35.swift in Sources */ = {isa = PBXBuildFile; fileRef = AD3D4B1A1FDC2F1C006DD47C /* 35.swift */; };
		AD3D4B1E1FDC30EC006DD47C /* 53.swift in Sources */ = {isa = PBXBuildFile; fileRef = AD3D4B1D1FDC30EC006DD47C /* 53.swift */; };
		AD3D4B201FDC332B006DD47C /* 58.swift in Sources */ = {isa = PBXBuildFile; fileRef = AD3D4B1F1FDC332B006DD47C /* 58.swift */; };
		AD3D4B231FDC3472006DD47C /* 66.swift in Sources */ = {isa = PBXBuildFile; fileRef = AD3D4B221FDC3472006DD47C /* 66.swift */; };
		AD3D4B251FDC36B0006DD47C /* 67.swift in Sources */ = {isa = PBXBuildFile; fileRef = AD3D4B241FDC36B0006DD47C /* 67.swift */; };
		AD3D4B271FDC40E1006DD47C /* 69.swift in Sources */ = {isa = PBXBuildFile; fileRef = AD3D4B261FDC40E1006DD47C /* 69.swift */; };
		AD3D4B291FDC4137006DD47C /* 70.swift in Sources */ = {isa = PBXBuildFile; fileRef = AD3D4B281FDC4137006DD47C /* 70.swift */; };
		AD3D4B2C1FDC433E006DD47C /* 83.swift in Sources */ = {isa = PBXBuildFile; fileRef = AD3D4B2B1FDC433E006DD47C /* 83.swift */; };
		AD3D4B2E1FDC4504006DD47C /* 88.swift in Sources */ = {isa = PBXBuildFile; fileRef = AD3D4B2D1FDC4504006DD47C /* 88.swift */; };
		AD3D4B311FDC49F3006DD47C /* 136.swift in Sources */ = {isa = PBXBuildFile; fileRef = AD3D4B301FDC49F3006DD47C /* 136.swift */; };
		AD3D4B331FDC4B63006DD47C /* 202.swift in Sources */ = {isa = PBXBuildFile; fileRef = AD3D4B321FDC4B63006DD47C /* 202.swift */; };
		AD3D4B351FDC4C9D006DD47C /* 204.swift in Sources */ = {isa = PBXBuildFile; fileRef = AD3D4B341FDC4C9D006DD47C /* 204.swift */; };
		AD3D4B371FDC4E49006DD47C /* 205.swift in Sources */ = {isa = PBXBuildFile; fileRef = AD3D4B361FDC4E49006DD47C /* 205.swift */; };
		AD3D4B3B1FDC50BD006DD47C /* 203.swift in Sources */ = {isa = PBXBuildFile; fileRef = AD3D4B3A1FDC50BD006DD47C /* 203.swift */; };
		AD3D4B3D1FDC5211006DD47C /* 206.swift in Sources */ = {isa = PBXBuildFile; fileRef = AD3D4B3C1FDC5211006DD47C /* 206.swift */; };
		AD3D4B3F1FDC5482006DD47C /* 236.swift in Sources */ = {isa = PBXBuildFile; fileRef = AD3D4B3E1FDC5482006DD47C /* 236.swift */; };
		AD3D4B411FDC7DB6006DD47C /* 167.swift in Sources */ = {isa = PBXBuildFile; fileRef = AD3D4B401FDC7DB6006DD47C /* 167.swift */; };
		AD3D4B451FDC7F49006DD47C /* 349.swift in Sources */ = {isa = PBXBuildFile; fileRef = AD3D4B441FDC7F49006DD47C /* 349.swift */; };
		AD3D4B471FDC80F5006DD47C /* 350.swift in Sources */ = {isa = PBXBuildFile; fileRef = AD3D4B461FDC80F5006DD47C /* 350.swift */; };
		AD3D4B491FDC82F1006DD47C /* 169.swift in Sources */ = {isa = PBXBuildFile; fileRef = AD3D4B481FDC82F1006DD47C /* 169.swift */; };
		AD3D4B4B1FDC843C006DD47C /* 121.swift in Sources */ = {isa = PBXBuildFile; fileRef = AD3D4B4A1FDC843C006DD47C /* 121.swift */; };
		AD3D4B4F1FDC8AA8006DD47C /* 401.swift in Sources */ = {isa = PBXBuildFile; fileRef = AD3D4B4E1FDC8AA8006DD47C /* 401.swift */; };
		AD3EA5361FE5A30A005D3FCB /* 15.swift in Sources */ = {isa = PBXBuildFile; fileRef = AD3EA5351FE5A30A005D3FCB /* 15.swift */; };
		AD3EA5381FE5ADA6005D3FCB /* 16.swift in Sources */ = {isa = PBXBuildFile; fileRef = AD3EA5371FE5ADA6005D3FCB /* 16.swift */; };
		AD4504AD22EC556C00AF1689 /* 17.swift in Sources */ = {isa = PBXBuildFile; fileRef = AD4504AC22EC556C00AF1689 /* 17.swift */; };
		AD4504B122EC559300AF1689 /* 543.swift in Sources */ = {isa = PBXBuildFile; fileRef = AD4504AE22EC559300AF1689 /* 543.swift */; };
		AD4504B222EC559300AF1689 /* 581.swift in Sources */ = {isa = PBXBuildFile; fileRef = AD4504AF22EC559300AF1689 /* 581.swift */; };
		AD4504B322EC559300AF1689 /* 538.swift in Sources */ = {isa = PBXBuildFile; fileRef = AD4504B022EC559300AF1689 /* 538.swift */; };
		AD4504B522EC55A900AF1689 /* 617.swift in Sources */ = {isa = PBXBuildFile; fileRef = AD4504B422EC55A900AF1689 /* 617.swift */; };
		AD4504B722EC55BD00AF1689 /* 448.swift in Sources */ = {isa = PBXBuildFile; fileRef = AD4504B622EC55BD00AF1689 /* 448.swift */; };
		AD4504B922EC55E500AF1689 /* 146.swift in Sources */ = {isa = PBXBuildFile; fileRef = AD4504B822EC55E500AF1689 /* 146.swift */; };
		AD4658F62325D8E90029259C /* 177.swift in Sources */ = {isa = PBXBuildFile; fileRef = AD4658F52325D8E90029259C /* 177.swift */; };
		AD651E052314B4AE0075C151 /* 287.swift in Sources */ = {isa = PBXBuildFile; fileRef = AD651E042314B4AE0075C151 /* 287.swift */; };
		AD6AAF241FF90C0100313D88 /* 2.swift in Sources */ = {isa = PBXBuildFile; fileRef = AD6AAF231FF90C0100313D88 /* 2.swift */; };
		AD6AAF261FF90F2200313D88 /* 19.swift in Sources */ = {isa = PBXBuildFile; fileRef = AD6AAF251FF90F2200313D88 /* 19.swift */; };
		AD6AAF281FF9164700313D88 /* 24.swift in Sources */ = {isa = PBXBuildFile; fileRef = AD6AAF271FF9164700313D88 /* 24.swift */; };
		AD70F0AF22DA72C100654E08 /* 38.swift in Sources */ = {isa = PBXBuildFile; fileRef = AD70F0AE22DA72C100654E08 /* 38.swift */; };
		AD70F0B122DA768C00654E08 /* 141.swift in Sources */ = {isa = PBXBuildFile; fileRef = AD70F0B022DA768C00654E08 /* 141.swift */; };
		AD70F0B322DA795500654E08 /* 160.swift in Sources */ = {isa = PBXBuildFile; fileRef = AD70F0B222DA795500654E08 /* 160.swift */; };
		AD70F0B522DA7B6000654E08 /* 171.swift in Sources */ = {isa = PBXBuildFile; fileRef = AD70F0B422DA7B6000654E08 /* 171.swift */; };
		AD70F0B722DA7CD500654E08 /* 172.swift in Sources */ = {isa = PBXBuildFile; fileRef = AD70F0B622DA7CD500654E08 /* 172.swift */; };
		AD70F0B922DA7D9000654E08 /* 191.swift in Sources */ = {isa = PBXBuildFile; fileRef = AD70F0B822DA7D9000654E08 /* 191.swift */; };
		AD70F0BB22DA7FA600654E08 /* 371.swift in Sources */ = {isa = PBXBuildFile; fileRef = AD70F0BA22DA7FA600654E08 /* 371.swift */; };
		AD85FA9D21FE638F00129451 /* 189.swift in Sources */ = {isa = PBXBuildFile; fileRef = AD85FA9C21FE638F00129451 /* 189.swift */; };
		AD85FA9F21FE7CA900129451 /* 414.swift in Sources */ = {isa = PBXBuildFile; fileRef = AD85FA9E21FE7CA900129451 /* 414.swift */; };
		AD85FAA121FE7E9F00129451 /* 125.swift in Sources */ = {isa = PBXBuildFile; fileRef = AD85FAA021FE7E9F00129451 /* 125.swift */; };
		AD85FAA321FE833300129451 /* 409.swift in Sources */ = {isa = PBXBuildFile; fileRef = AD85FAA221FE833300129451 /* 409.swift */; };
		AD85FAA521FE87C800129451 /* 575.swift in Sources */ = {isa = PBXBuildFile; fileRef = AD85FAA421FE87C800129451 /* 575.swift */; };
		AD85FAA921FE8A4A00129451 /* 168.swift in Sources */ = {isa = PBXBuildFile; fileRef = AD85FAA821FE8A4A00129451 /* 168.swift */; };
		AD85FAAB21FE8EE400129451 /* 283.swift in Sources */ = {isa = PBXBuildFile; fileRef = AD85FAAA21FE8EE400129451 /* 283.swift */; };
		AD85FAAF21FE9C7C00129451 /* 925.swift in Sources */ = {isa = PBXBuildFile; fileRef = AD85FAAE21FE9C7C00129451 /* 925.swift */; };
		AD930D8522F397BE0083A99B /* 31.swift in Sources */ = {isa = PBXBuildFile; fileRef = AD930D8422F397BE0083A99B /* 31.swift */; };
		AD9DB96E1FE1811C00FF83FB /* 292.swift in Sources */ = {isa = PBXBuildFile; fileRef = AD9DB96D1FE1811C00FF83FB /* 292.swift */; };
		AD9DB9701FE1850900FF83FB /* 11.swift in Sources */ = {isa = PBXBuildFile; fileRef = AD9DB96F1FE1850900FF83FB /* 11.swift */; };
		AD9F819821FD5A8B00D150CB /* Kadane.swift in Sources */ = {isa = PBXBuildFile; fileRef = AD9F819721FD5A8B00D150CB /* Kadane.swift */; };
		AD9F819A21FD638900D150CB /* StackUsingLinkedList.swift in Sources */ = {isa = PBXBuildFile; fileRef = AD9F819921FD638900D150CB /* StackUsingLinkedList.swift */; };
		AD9F819C21FD65E000D150CB /* 112.swift in Sources */ = {isa = PBXBuildFile; fileRef = AD9F819B21FD65E000D150CB /* 112.swift */; };
		AD9F819E21FD6C5900D150CB /* 119.swift in Sources */ = {isa = PBXBuildFile; fileRef = AD9F819D21FD6C5900D150CB /* 119.swift */; };
		AD9F81A021FD785200D150CB /* 217.swift in Sources */ = {isa = PBXBuildFile; fileRef = AD9F819F21FD785200D150CB /* 217.swift */; };
		AD9F81A221FD798700D150CB /* 219.swift in Sources */ = {isa = PBXBuildFile; fileRef = AD9F81A121FD798700D150CB /* 219.swift */; };
		AD9F81A421FD7C7C00D150CB /* 290.swift in Sources */ = {isa = PBXBuildFile; fileRef = AD9F81A321FD7C7C00D150CB /* 290.swift */; };
		ADAE6C1C2641CF490061F0B9 /* BinarySearchTree.swift in Sources */ = {isa = PBXBuildFile; fileRef = ADAE6C1B2641CF490061F0B9 /* BinarySearchTree.swift */; };
		ADAE6C1E2641CF510061F0B9 /* Heap.swift in Sources */ = {isa = PBXBuildFile; fileRef = ADAE6C1D2641CF500061F0B9 /* Heap.swift */; };
		ADAF4A5B231601D200D57982 /* DisjointSet.swift in Sources */ = {isa = PBXBuildFile; fileRef = ADAF4A5A231601D200D57982 /* DisjointSet.swift */; };
		ADAF4A5D2316101A00D57982 /* 46.swift in Sources */ = {isa = PBXBuildFile; fileRef = ADAF4A5C2316101A00D57982 /* 46.swift */; };
		ADC0CDCD1FF804830035BB4F /* 3.swift in Sources */ = {isa = PBXBuildFile; fileRef = ADC0CDCC1FF804830035BB4F /* 3.swift */; };
		ADC0CDCF1FF8091F0035BB4F /* 36.swift in Sources */ = {isa = PBXBuildFile; fileRef = ADC0CDCE1FF8091F0035BB4F /* 36.swift */; };
		ADC0CDD11FF80E540035BB4F /* 49.swift in Sources */ = {isa = PBXBuildFile; fileRef = ADC0CDD01FF80E540035BB4F /* 49.swift */; };
		ADC0CDD31FF813ED0035BB4F /* 94.swift in Sources */ = {isa = PBXBuildFile; fileRef = ADC0CDD21FF813ED0035BB4F /* 94.swift */; };
		ADC10BEA1FE6BC5400337302 /* 18.swift in Sources */ = {isa = PBXBuildFile; fileRef = ADC10BE91FE6BC5400337302 /* 18.swift */; };
		ADC17F28263EE69200A1E5CB /* LinkedListLRU.swift in Sources */ = {isa = PBXBuildFile; fileRef = ADC17F27263EE69200A1E5CB /* LinkedListLRU.swift */; };
		ADC17F2B263EF37D00A1E5CB /* 1114.swift in Sources */ = {isa = PBXBuildFile; fileRef = ADC17F2A263EF37D00A1E5CB /* 1114.swift */; };
		ADC17F2D263EF3BD00A1E5CB /* 338.swift in Sources */ = {isa = PBXBuildFile; fileRef = ADC17F2C263EF3BD00A1E5CB /* 338.swift */; };
		ADC17F30263EFC7800A1E5CB /* 811.swift in Sources */ = {isa = PBXBuildFile; fileRef = ADC17F2F263EFC7800A1E5CB /* 811.swift */; };
		ADC17F32263F00DB00A1E5CB /* 359.swift in Sources */ = {isa = PBXBuildFile; fileRef = ADC17F31263F00DB00A1E5CB /* 359.swift */; };
		ADC482C91FE03FD700A8F934 /* 687.swift in Sources */ = {isa = PBXBuildFile; fileRef = ADC482C81FE03FD700A8F934 /* 687.swift */; };
		ADC5C6CC21F981FE00ADAD61 /* 155.swift in Sources */ = {isa = PBXBuildFile; fileRef = ADC5C6CB21F981FE00ADAD61 /* 155.swift */; };
		ADC5C6CE21F985CC00ADAD61 /* 118.swift in Sources */ = {isa = PBXBuildFile; fileRef = ADC5C6CD21F985CC00ADAD61 /* 118.swift */; };
		ADC5D6C32640944B0063805F /* 683.swift in Sources */ = {isa = PBXBuildFile; fileRef = ADC5D6C22640944B0063805F /* 683.swift */; };
		ADCC3AA822150B8800CFFFE1 /* 380.swift in Sources */ = {isa = PBXBuildFile; fileRef = ADCC3AA722150B8800CFFFE1 /* 380.swift */; };
		ADCCBEEB26448B3D001907DD /* 695.swift in Sources */ = {isa = PBXBuildFile; fileRef = ADCCBEEA26448B3D001907DD /* 695.swift */; };
		ADCCBEED264490BA001907DD /* 68.swift in Sources */ = {isa = PBXBuildFile; fileRef = ADCCBEEC264490BA001907DD /* 68.swift */; };
		ADDAD20126402C00001F3B8F /* 388.swift in Sources */ = {isa = PBXBuildFile; fileRef = ADDAD20026402C00001F3B8F /* 388.swift */; };
		ADF12B571FE5C71E0033D29D /* Interval.swift in Sources */ = {isa = PBXBuildFile; fileRef = ADF12B561FE5C71E0033D29D /* Interval.swift */; };
		ADF12B591FE5C7B50033D29D /* 56.swift in Sources */ = {isa = PBXBuildFile; fileRef = ADF12B581FE5C7B50033D29D /* 56.swift */; };
		ADF12B5B1FE5CD630033D29D /* 442.swift in Sources */ = {isa = PBXBuildFile; fileRef = ADF12B5A1FE5CD630033D29D /* 442.swift */; };
		ADF367D61FDD721200CAC10C /* 496.swift in Sources */ = {isa = PBXBuildFile; fileRef = ADF367D51FDD721200CAC10C /* 496.swift */; };
		ADF367DA1FDD8E0800CAC10C /* 122.swift in Sources */ = {isa = PBXBuildFile; fileRef = ADF367D91FDD8E0800CAC10C /* 122.swift */; };
		ADF367DC1FDD8F1700CAC10C /* 455.swift in Sources */ = {isa = PBXBuildFile; fileRef = ADF367DB1FDD8F1700CAC10C /* 455.swift */; };
		ADF367DE1FDD90B700CAC10C /* 242.swift in Sources */ = {isa = PBXBuildFile; fileRef = ADF367DD1FDD90B700CAC10C /* 242.swift */; };
		ADF367E01FDD930200CAC10C /* 231.swift in Sources */ = {isa = PBXBuildFile; fileRef = ADF367DF1FDD930200CAC10C /* 231.swift */; };
		ADF367E21FDD93CA00CAC10C /* 268.swift in Sources */ = {isa = PBXBuildFile; fileRef = ADF367E11FDD93CA00CAC10C /* 268.swift */; };
		ADF367E41FDD955200CAC10C /* 342.swift in Sources */ = {isa = PBXBuildFile; fileRef = ADF367E31FDD955200CAC10C /* 342.swift */; };
		ADF367E61FDD9A3E00CAC10C /* 100.swift in Sources */ = {isa = PBXBuildFile; fileRef = ADF367E51FDD9A3E00CAC10C /* 100.swift */; };
		ADF367E81FDD9A5D00CAC10C /* TreeNode.swift in Sources */ = {isa = PBXBuildFile; fileRef = ADF367E71FDD9A5D00CAC10C /* TreeNode.swift */; };
		ADF367EA1FDD9D0C00CAC10C /* 101.swift in Sources */ = {isa = PBXBuildFile; fileRef = ADF367E91FDD9D0C00CAC10C /* 101.swift */; };
		ADF367F11FDDA23D00CAC10C /* 104.swift in Sources */ = {isa = PBXBuildFile; fileRef = ADF367F01FDDA23D00CAC10C /* 104.swift */; };
		ADF367F31FDDA44800CAC10C /* 107.swift in Sources */ = {isa = PBXBuildFile; fileRef = ADF367F21FDDA44800CAC10C /* 107.swift */; };
		ADF367F51FDDA69E00CAC10C /* 108.swift in Sources */ = {isa = PBXBuildFile; fileRef = ADF367F41FDDA69E00CAC10C /* 108.swift */; };
		ADF367F71FDDABDC00CAC10C /* 110.swift in Sources */ = {isa = PBXBuildFile; fileRef = ADF367F61FDDABDC00CAC10C /* 110.swift */; };
		ADF367F91FDDB2E300CAC10C /* 111.swift in Sources */ = {isa = PBXBuildFile; fileRef = ADF367F81FDDB2E300CAC10C /* 111.swift */; };
		ADF367FC1FDDD02000CAC10C /* 720.swift in Sources */ = {isa = PBXBuildFile; fileRef = ADF367FB1FDDD02000CAC10C /* 720.swift */; };
		ADF367FF1FDDD12400CAC10C /* 530.swift in Sources */ = {isa = PBXBuildFile; fileRef = ADF367FE1FDDD12400CAC10C /* 530.swift */; };
/* End PBXBuildFile section */

/* Begin PBXCopyFilesBuildPhase section */
		AD3D4AEC1FDC062F006DD47C /* CopyFiles */ = {
			isa = PBXCopyFilesBuildPhase;
			buildActionMask = 2147483647;
			dstPath = /usr/share/man/man1/;
			dstSubfolderSpec = 0;
			files = (
			);
			runOnlyForDeploymentPostprocessing = 1;
		};
/* End PBXCopyFilesBuildPhase section */

/* Begin PBXFileReference section */
		002C0FF32B796F3500B264C1 /* 560.swift */ = {isa = PBXFileReference; fileEncoding = 4; lastKnownFileType = sourcecode.swift; path = 560.swift; sourceTree = "<group>"; };
		006075102C18CE64005BB5E4 /* 1768.swift */ = {isa = PBXFileReference; lastKnownFileType = sourcecode.swift; path = 1768.swift; sourceTree = "<group>"; };
		006075132C18D769005BB5E4 /* 1071.swift */ = {isa = PBXFileReference; lastKnownFileType = sourcecode.swift; path = 1071.swift; sourceTree = "<group>"; };
		006075162C18DB71005BB5E4 /* 1431.swift */ = {isa = PBXFileReference; lastKnownFileType = sourcecode.swift; path = 1431.swift; sourceTree = "<group>"; };
		006075182C18DDF0005BB5E4 /* 605.swift */ = {isa = PBXFileReference; lastKnownFileType = sourcecode.swift; path = 605.swift; sourceTree = "<group>"; };
		0060751A2C18E1DE005BB5E4 /* 345.swift */ = {isa = PBXFileReference; lastKnownFileType = sourcecode.swift; path = 345.swift; sourceTree = "<group>"; };
		0060751C2C18E4A4005BB5E4 /* 151.swift */ = {isa = PBXFileReference; lastKnownFileType = sourcecode.swift; path = 151.swift; sourceTree = "<group>"; };
		0060751E2C18E814005BB5E4 /* 334.swift */ = {isa = PBXFileReference; lastKnownFileType = sourcecode.swift; path = 334.swift; sourceTree = "<group>"; };
		006075202C18EB04005BB5E4 /* 443.swift */ = {isa = PBXFileReference; lastKnownFileType = sourcecode.swift; path = 443.swift; sourceTree = "<group>"; };
		006075222C18EEEB005BB5E4 /* 392.swift */ = {isa = PBXFileReference; lastKnownFileType = sourcecode.swift; path = 392.swift; sourceTree = "<group>"; };
		00CC7B3C2C1A0F88003BFFDA /* 1679.swift */ = {isa = PBXFileReference; lastKnownFileType = sourcecode.swift; path = 1679.swift; sourceTree = "<group>"; };
		433FDC9B22DF8F0100A49821 /* 190.swift */ = {isa = PBXFileReference; lastKnownFileType = sourcecode.swift; path = 190.swift; sourceTree = "<group>"; };
		433FDC9D22DF902400A49821 /* 198.swift */ = {isa = PBXFileReference; lastKnownFileType = sourcecode.swift; path = 198.swift; sourceTree = "<group>"; };
		433FDC9F22DF959800A49821 /* 237.swift */ = {isa = PBXFileReference; lastKnownFileType = sourcecode.swift; path = 237.swift; sourceTree = "<group>"; };
		433FDCA122DF96D500A49821 /* 326.swift */ = {isa = PBXFileReference; lastKnownFileType = sourcecode.swift; path = 326.swift; sourceTree = "<group>"; };
		433FDCA322DF980400A49821 /* 344.swift */ = {isa = PBXFileReference; lastKnownFileType = sourcecode.swift; path = 344.swift; sourceTree = "<group>"; };
		433FDCA522DF9A8700A49821 /* 387.swift */ = {isa = PBXFileReference; lastKnownFileType = sourcecode.swift; path = 387.swift; sourceTree = "<group>"; };
		433FDCA722DF9ECE00A49821 /* 412.swift */ = {isa = PBXFileReference; lastKnownFileType = sourcecode.swift; path = 412.swift; sourceTree = "<group>"; };
		433FDCA922DFA13900A49821 /* 226.swift */ = {isa = PBXFileReference; lastKnownFileType = sourcecode.swift; path = 226.swift; sourceTree = "<group>"; };
		433FDCAB22DFA26300A49821 /* 437.swift */ = {isa = PBXFileReference; lastKnownFileType = sourcecode.swift; path = 437.swift; sourceTree = "<group>"; };
		433FDCAD22DFA56000A49821 /* 438.swift */ = {isa = PBXFileReference; lastKnownFileType = sourcecode.swift; path = 438.swift; sourceTree = "<group>"; };
		AD13A6F02040865300D6B40F /* 5.swift */ = {isa = PBXFileReference; lastKnownFileType = sourcecode.swift; path = 5.swift; sourceTree = "<group>"; };
		AD13D7AD22F38DD10016B539 /* 289.swift */ = {isa = PBXFileReference; lastKnownFileType = sourcecode.swift; path = 289.swift; sourceTree = "<group>"; };
		AD20928422EC700C00E3C31F /* 929.swift */ = {isa = PBXFileReference; lastKnownFileType = sourcecode.swift; path = 929.swift; sourceTree = "<group>"; };
		AD20928622EC766200E3C31F /* 200.swift */ = {isa = PBXFileReference; lastKnownFileType = sourcecode.swift; path = 200.swift; sourceTree = "<group>"; };
		AD20928822EC7A9A00E3C31F /* 253.swift */ = {isa = PBXFileReference; lastKnownFileType = sourcecode.swift; path = 253.swift; sourceTree = "<group>"; };
		AD20928C22EC7E1800E3C31F /* 415.swift */ = {isa = PBXFileReference; lastKnownFileType = sourcecode.swift; path = 415.swift; sourceTree = "<group>"; };
		AD20928E22EC83F100E3C31F /* 42.swift */ = {isa = PBXFileReference; lastKnownFileType = sourcecode.swift; path = 42.swift; sourceTree = "<group>"; };
		AD20929022EC87CA00E3C31F /* 23.swift */ = {isa = PBXFileReference; lastKnownFileType = sourcecode.swift; path = 23.swift; sourceTree = "<group>"; };
		AD20929222EC9E6600E3C31F /* 22.swift */ = {isa = PBXFileReference; lastKnownFileType = sourcecode.swift; path = 22.swift; sourceTree = "<group>"; };
		AD2505A523257C6700CDDBE7 /* 973.swift */ = {isa = PBXFileReference; lastKnownFileType = sourcecode.swift; path = 973.swift; sourceTree = "<group>"; };
		AD2505A723258FD400CDDBE7 /* 238.swift */ = {isa = PBXFileReference; lastKnownFileType = sourcecode.swift; path = 238.swift; sourceTree = "<group>"; };
		AD2505A9232598B400CDDBE7 /* 937.swift */ = {isa = PBXFileReference; lastKnownFileType = sourcecode.swift; path = 937.swift; sourceTree = "<group>"; };
		AD2505AB2325BF3100CDDBE7 /* 175.swift */ = {isa = PBXFileReference; lastKnownFileType = sourcecode.swift; path = 175.swift; sourceTree = "<group>"; };
		AD2505AD2325C25200CDDBE7 /* 33.swift */ = {isa = PBXFileReference; lastKnownFileType = sourcecode.swift; path = 33.swift; sourceTree = "<group>"; };
		AD3D4AEE1FDC062F006DD47C /* LeetCodeTest */ = {isa = PBXFileReference; explicitFileType = "compiled.mach-o.executable"; includeInIndex = 0; path = LeetCodeTest; sourceTree = BUILT_PRODUCTS_DIR; };
		AD3D4AF11FDC062F006DD47C /* main.swift */ = {isa = PBXFileReference; lastKnownFileType = sourcecode.swift; path = main.swift; sourceTree = "<group>"; };
		AD3D4AF91FDC067E006DD47C /* ProblemProtocol.swift */ = {isa = PBXFileReference; lastKnownFileType = sourcecode.swift; path = ProblemProtocol.swift; sourceTree = "<group>"; };
		AD3D4AFE1FDC06B4006DD47C /* 1.swift */ = {isa = PBXFileReference; lastKnownFileType = sourcecode.swift; path = 1.swift; sourceTree = "<group>"; };
		AD3D4B001FDC0892006DD47C /* 7.swift */ = {isa = PBXFileReference; lastKnownFileType = sourcecode.swift; path = 7.swift; sourceTree = "<group>"; };
		AD3D4B021FDC0B3E006DD47C /* 9.swift */ = {isa = PBXFileReference; lastKnownFileType = sourcecode.swift; path = 9.swift; sourceTree = "<group>"; };
		AD3D4B041FDC0D74006DD47C /* 13.swift */ = {isa = PBXFileReference; lastKnownFileType = sourcecode.swift; path = 13.swift; sourceTree = "<group>"; };
		AD3D4B061FDC1154006DD47C /* 14.swift */ = {isa = PBXFileReference; lastKnownFileType = sourcecode.swift; path = 14.swift; sourceTree = "<group>"; };
		AD3D4B081FDC1E55006DD47C /* 20.swift */ = {isa = PBXFileReference; lastKnownFileType = sourcecode.swift; path = 20.swift; sourceTree = "<group>"; };
		AD3D4B0A1FDC2083006DD47C /* 21.swift */ = {isa = PBXFileReference; lastKnownFileType = sourcecode.swift; path = 21.swift; sourceTree = "<group>"; };
		AD3D4B0E1FDC21A0006DD47C /* ListNode.swift */ = {isa = PBXFileReference; lastKnownFileType = sourcecode.swift; path = ListNode.swift; sourceTree = "<group>"; };
		AD3D4B101FDC293E006DD47C /* 26.swift */ = {isa = PBXFileReference; lastKnownFileType = sourcecode.swift; path = 26.swift; sourceTree = "<group>"; };
		AD3D4B151FDC2B7B006DD47C /* 27.swift */ = {isa = PBXFileReference; lastKnownFileType = sourcecode.swift; path = 27.swift; sourceTree = "<group>"; };
		AD3D4B171FDC2C52006DD47C /* 28.swift */ = {isa = PBXFileReference; lastKnownFileType = sourcecode.swift; path = 28.swift; sourceTree = "<group>"; };
		AD3D4B1A1FDC2F1C006DD47C /* 35.swift */ = {isa = PBXFileReference; lastKnownFileType = sourcecode.swift; path = 35.swift; sourceTree = "<group>"; };
		AD3D4B1D1FDC30EC006DD47C /* 53.swift */ = {isa = PBXFileReference; lastKnownFileType = sourcecode.swift; path = 53.swift; sourceTree = "<group>"; };
		AD3D4B1F1FDC332B006DD47C /* 58.swift */ = {isa = PBXFileReference; lastKnownFileType = sourcecode.swift; path = 58.swift; sourceTree = "<group>"; };
		AD3D4B221FDC3472006DD47C /* 66.swift */ = {isa = PBXFileReference; lastKnownFileType = sourcecode.swift; path = 66.swift; sourceTree = "<group>"; };
		AD3D4B241FDC36B0006DD47C /* 67.swift */ = {isa = PBXFileReference; lastKnownFileType = sourcecode.swift; path = 67.swift; sourceTree = "<group>"; };
		AD3D4B261FDC40E1006DD47C /* 69.swift */ = {isa = PBXFileReference; lastKnownFileType = sourcecode.swift; path = 69.swift; sourceTree = "<group>"; };
		AD3D4B281FDC4137006DD47C /* 70.swift */ = {isa = PBXFileReference; lastKnownFileType = sourcecode.swift; path = 70.swift; sourceTree = "<group>"; };
		AD3D4B2B1FDC433E006DD47C /* 83.swift */ = {isa = PBXFileReference; lastKnownFileType = sourcecode.swift; path = 83.swift; sourceTree = "<group>"; };
		AD3D4B2D1FDC4504006DD47C /* 88.swift */ = {isa = PBXFileReference; lastKnownFileType = sourcecode.swift; path = 88.swift; sourceTree = "<group>"; };
		AD3D4B301FDC49F3006DD47C /* 136.swift */ = {isa = PBXFileReference; lastKnownFileType = sourcecode.swift; path = 136.swift; sourceTree = "<group>"; };
		AD3D4B321FDC4B63006DD47C /* 202.swift */ = {isa = PBXFileReference; lastKnownFileType = sourcecode.swift; path = 202.swift; sourceTree = "<group>"; };
		AD3D4B341FDC4C9D006DD47C /* 204.swift */ = {isa = PBXFileReference; lastKnownFileType = sourcecode.swift; path = 204.swift; sourceTree = "<group>"; };
		AD3D4B361FDC4E49006DD47C /* 205.swift */ = {isa = PBXFileReference; lastKnownFileType = sourcecode.swift; path = 205.swift; sourceTree = "<group>"; };
		AD3D4B3A1FDC50BD006DD47C /* 203.swift */ = {isa = PBXFileReference; lastKnownFileType = sourcecode.swift; path = 203.swift; sourceTree = "<group>"; };
		AD3D4B3C1FDC5211006DD47C /* 206.swift */ = {isa = PBXFileReference; lastKnownFileType = sourcecode.swift; path = 206.swift; sourceTree = "<group>"; };
		AD3D4B3E1FDC5482006DD47C /* 236.swift */ = {isa = PBXFileReference; lastKnownFileType = sourcecode.swift; path = 236.swift; sourceTree = "<group>"; };
		AD3D4B401FDC7DB6006DD47C /* 167.swift */ = {isa = PBXFileReference; lastKnownFileType = sourcecode.swift; path = 167.swift; sourceTree = "<group>"; };
		AD3D4B441FDC7F49006DD47C /* 349.swift */ = {isa = PBXFileReference; lastKnownFileType = sourcecode.swift; path = 349.swift; sourceTree = "<group>"; };
		AD3D4B461FDC80F5006DD47C /* 350.swift */ = {isa = PBXFileReference; lastKnownFileType = sourcecode.swift; path = 350.swift; sourceTree = "<group>"; };
		AD3D4B481FDC82F1006DD47C /* 169.swift */ = {isa = PBXFileReference; lastKnownFileType = sourcecode.swift; path = 169.swift; sourceTree = "<group>"; };
		AD3D4B4A1FDC843C006DD47C /* 121.swift */ = {isa = PBXFileReference; lastKnownFileType = sourcecode.swift; path = 121.swift; sourceTree = "<group>"; };
		AD3D4B4E1FDC8AA8006DD47C /* 401.swift */ = {isa = PBXFileReference; lastKnownFileType = sourcecode.swift; path = 401.swift; sourceTree = "<group>"; };
		AD3EA5351FE5A30A005D3FCB /* 15.swift */ = {isa = PBXFileReference; lastKnownFileType = sourcecode.swift; path = 15.swift; sourceTree = "<group>"; };
		AD3EA5371FE5ADA6005D3FCB /* 16.swift */ = {isa = PBXFileReference; lastKnownFileType = sourcecode.swift; path = 16.swift; sourceTree = "<group>"; };
		AD4504AC22EC556C00AF1689 /* 17.swift */ = {isa = PBXFileReference; lastKnownFileType = sourcecode.swift; path = 17.swift; sourceTree = "<group>"; };
		AD4504AE22EC559300AF1689 /* 543.swift */ = {isa = PBXFileReference; lastKnownFileType = sourcecode.swift; path = 543.swift; sourceTree = "<group>"; };
		AD4504AF22EC559300AF1689 /* 581.swift */ = {isa = PBXFileReference; lastKnownFileType = sourcecode.swift; path = 581.swift; sourceTree = "<group>"; };
		AD4504B022EC559300AF1689 /* 538.swift */ = {isa = PBXFileReference; lastKnownFileType = sourcecode.swift; path = 538.swift; sourceTree = "<group>"; };
		AD4504B422EC55A900AF1689 /* 617.swift */ = {isa = PBXFileReference; lastKnownFileType = sourcecode.swift; path = 617.swift; sourceTree = "<group>"; };
		AD4504B622EC55BD00AF1689 /* 448.swift */ = {isa = PBXFileReference; lastKnownFileType = sourcecode.swift; path = 448.swift; sourceTree = "<group>"; };
		AD4504B822EC55E500AF1689 /* 146.swift */ = {isa = PBXFileReference; lastKnownFileType = sourcecode.swift; path = 146.swift; sourceTree = "<group>"; };
		AD4658F52325D8E90029259C /* 177.swift */ = {isa = PBXFileReference; lastKnownFileType = sourcecode.swift; path = 177.swift; sourceTree = "<group>"; };
		AD651E042314B4AE0075C151 /* 287.swift */ = {isa = PBXFileReference; lastKnownFileType = sourcecode.swift; path = 287.swift; sourceTree = "<group>"; };
		AD6AAF231FF90C0100313D88 /* 2.swift */ = {isa = PBXFileReference; lastKnownFileType = sourcecode.swift; path = 2.swift; sourceTree = "<group>"; };
		AD6AAF251FF90F2200313D88 /* 19.swift */ = {isa = PBXFileReference; lastKnownFileType = sourcecode.swift; path = 19.swift; sourceTree = "<group>"; };
		AD6AAF271FF9164700313D88 /* 24.swift */ = {isa = PBXFileReference; lastKnownFileType = sourcecode.swift; path = 24.swift; sourceTree = "<group>"; };
		AD70F0AE22DA72C100654E08 /* 38.swift */ = {isa = PBXFileReference; lastKnownFileType = sourcecode.swift; path = 38.swift; sourceTree = "<group>"; };
		AD70F0B022DA768C00654E08 /* 141.swift */ = {isa = PBXFileReference; lastKnownFileType = sourcecode.swift; path = 141.swift; sourceTree = "<group>"; };
		AD70F0B222DA795500654E08 /* 160.swift */ = {isa = PBXFileReference; lastKnownFileType = sourcecode.swift; path = 160.swift; sourceTree = "<group>"; };
		AD70F0B422DA7B6000654E08 /* 171.swift */ = {isa = PBXFileReference; lastKnownFileType = sourcecode.swift; path = 171.swift; sourceTree = "<group>"; };
		AD70F0B622DA7CD500654E08 /* 172.swift */ = {isa = PBXFileReference; lastKnownFileType = sourcecode.swift; path = 172.swift; sourceTree = "<group>"; };
		AD70F0B822DA7D9000654E08 /* 191.swift */ = {isa = PBXFileReference; lastKnownFileType = sourcecode.swift; path = 191.swift; sourceTree = "<group>"; };
		AD70F0BA22DA7FA600654E08 /* 371.swift */ = {isa = PBXFileReference; lastKnownFileType = sourcecode.swift; path = 371.swift; sourceTree = "<group>"; };
		AD85FA9C21FE638F00129451 /* 189.swift */ = {isa = PBXFileReference; lastKnownFileType = sourcecode.swift; path = 189.swift; sourceTree = "<group>"; };
		AD85FA9E21FE7CA900129451 /* 414.swift */ = {isa = PBXFileReference; lastKnownFileType = sourcecode.swift; path = 414.swift; sourceTree = "<group>"; };
		AD85FAA021FE7E9F00129451 /* 125.swift */ = {isa = PBXFileReference; lastKnownFileType = sourcecode.swift; path = 125.swift; sourceTree = "<group>"; };
		AD85FAA221FE833300129451 /* 409.swift */ = {isa = PBXFileReference; lastKnownFileType = sourcecode.swift; path = 409.swift; sourceTree = "<group>"; };
		AD85FAA421FE87C800129451 /* 575.swift */ = {isa = PBXFileReference; lastKnownFileType = sourcecode.swift; path = 575.swift; sourceTree = "<group>"; };
		AD85FAA821FE8A4A00129451 /* 168.swift */ = {isa = PBXFileReference; lastKnownFileType = sourcecode.swift; path = 168.swift; sourceTree = "<group>"; };
		AD85FAAA21FE8EE400129451 /* 283.swift */ = {isa = PBXFileReference; lastKnownFileType = sourcecode.swift; path = 283.swift; sourceTree = "<group>"; };
		AD85FAAE21FE9C7C00129451 /* 925.swift */ = {isa = PBXFileReference; lastKnownFileType = sourcecode.swift; path = 925.swift; sourceTree = "<group>"; };
		AD930D8422F397BE0083A99B /* 31.swift */ = {isa = PBXFileReference; lastKnownFileType = sourcecode.swift; path = 31.swift; sourceTree = "<group>"; };
		AD9DB96D1FE1811C00FF83FB /* 292.swift */ = {isa = PBXFileReference; lastKnownFileType = sourcecode.swift; path = 292.swift; sourceTree = "<group>"; };
		AD9DB96F1FE1850900FF83FB /* 11.swift */ = {isa = PBXFileReference; lastKnownFileType = sourcecode.swift; path = 11.swift; sourceTree = "<group>"; };
		AD9F819721FD5A8B00D150CB /* Kadane.swift */ = {isa = PBXFileReference; lastKnownFileType = sourcecode.swift; path = Kadane.swift; sourceTree = "<group>"; };
		AD9F819921FD638900D150CB /* StackUsingLinkedList.swift */ = {isa = PBXFileReference; lastKnownFileType = sourcecode.swift; path = StackUsingLinkedList.swift; sourceTree = "<group>"; };
		AD9F819B21FD65E000D150CB /* 112.swift */ = {isa = PBXFileReference; lastKnownFileType = sourcecode.swift; path = 112.swift; sourceTree = "<group>"; };
		AD9F819D21FD6C5900D150CB /* 119.swift */ = {isa = PBXFileReference; lastKnownFileType = sourcecode.swift; path = 119.swift; sourceTree = "<group>"; };
		AD9F819F21FD785200D150CB /* 217.swift */ = {isa = PBXFileReference; lastKnownFileType = sourcecode.swift; path = 217.swift; sourceTree = "<group>"; };
		AD9F81A121FD798700D150CB /* 219.swift */ = {isa = PBXFileReference; lastKnownFileType = sourcecode.swift; path = 219.swift; sourceTree = "<group>"; };
		AD9F81A321FD7C7C00D150CB /* 290.swift */ = {isa = PBXFileReference; lastKnownFileType = sourcecode.swift; path = 290.swift; sourceTree = "<group>"; };
		ADAE6C1B2641CF490061F0B9 /* BinarySearchTree.swift */ = {isa = PBXFileReference; lastKnownFileType = sourcecode.swift; path = BinarySearchTree.swift; sourceTree = "<group>"; };
		ADAE6C1D2641CF500061F0B9 /* Heap.swift */ = {isa = PBXFileReference; lastKnownFileType = sourcecode.swift; path = Heap.swift; sourceTree = "<group>"; };
		ADAF4A5A231601D200D57982 /* DisjointSet.swift */ = {isa = PBXFileReference; lastKnownFileType = sourcecode.swift; path = DisjointSet.swift; sourceTree = "<group>"; };
		ADAF4A5C2316101A00D57982 /* 46.swift */ = {isa = PBXFileReference; lastKnownFileType = sourcecode.swift; path = 46.swift; sourceTree = "<group>"; };
		ADC0CDCC1FF804830035BB4F /* 3.swift */ = {isa = PBXFileReference; lastKnownFileType = sourcecode.swift; path = 3.swift; sourceTree = "<group>"; };
		ADC0CDCE1FF8091F0035BB4F /* 36.swift */ = {isa = PBXFileReference; lastKnownFileType = sourcecode.swift; path = 36.swift; sourceTree = "<group>"; };
		ADC0CDD01FF80E540035BB4F /* 49.swift */ = {isa = PBXFileReference; lastKnownFileType = sourcecode.swift; path = 49.swift; sourceTree = "<group>"; };
		ADC0CDD21FF813ED0035BB4F /* 94.swift */ = {isa = PBXFileReference; lastKnownFileType = sourcecode.swift; path = 94.swift; sourceTree = "<group>"; };
		ADC10BE91FE6BC5400337302 /* 18.swift */ = {isa = PBXFileReference; lastKnownFileType = sourcecode.swift; path = 18.swift; sourceTree = "<group>"; };
		ADC17F27263EE69200A1E5CB /* LinkedListLRU.swift */ = {isa = PBXFileReference; lastKnownFileType = sourcecode.swift; path = LinkedListLRU.swift; sourceTree = "<group>"; };
		ADC17F2A263EF37D00A1E5CB /* 1114.swift */ = {isa = PBXFileReference; lastKnownFileType = sourcecode.swift; path = 1114.swift; sourceTree = "<group>"; };
		ADC17F2C263EF3BD00A1E5CB /* 338.swift */ = {isa = PBXFileReference; lastKnownFileType = sourcecode.swift; path = 338.swift; sourceTree = "<group>"; };
		ADC17F2F263EFC7800A1E5CB /* 811.swift */ = {isa = PBXFileReference; lastKnownFileType = sourcecode.swift; path = 811.swift; sourceTree = "<group>"; };
		ADC17F31263F00DB00A1E5CB /* 359.swift */ = {isa = PBXFileReference; lastKnownFileType = sourcecode.swift; path = 359.swift; sourceTree = "<group>"; };
		ADC482C81FE03FD700A8F934 /* 687.swift */ = {isa = PBXFileReference; lastKnownFileType = sourcecode.swift; path = 687.swift; sourceTree = "<group>"; };
		ADC5C6CB21F981FE00ADAD61 /* 155.swift */ = {isa = PBXFileReference; lastKnownFileType = sourcecode.swift; path = 155.swift; sourceTree = "<group>"; };
		ADC5C6CD21F985CC00ADAD61 /* 118.swift */ = {isa = PBXFileReference; lastKnownFileType = sourcecode.swift; path = 118.swift; sourceTree = "<group>"; };
		ADC5D6C22640944B0063805F /* 683.swift */ = {isa = PBXFileReference; lastKnownFileType = sourcecode.swift; path = 683.swift; sourceTree = "<group>"; };
		ADCC3AA722150B8800CFFFE1 /* 380.swift */ = {isa = PBXFileReference; lastKnownFileType = sourcecode.swift; path = 380.swift; sourceTree = "<group>"; };
		ADCCBEEA26448B3D001907DD /* 695.swift */ = {isa = PBXFileReference; lastKnownFileType = sourcecode.swift; path = 695.swift; sourceTree = "<group>"; };
		ADCCBEEC264490BA001907DD /* 68.swift */ = {isa = PBXFileReference; lastKnownFileType = sourcecode.swift; path = 68.swift; sourceTree = "<group>"; };
		ADDAD20026402C00001F3B8F /* 388.swift */ = {isa = PBXFileReference; lastKnownFileType = sourcecode.swift; path = 388.swift; sourceTree = "<group>"; };
		ADF12B561FE5C71E0033D29D /* Interval.swift */ = {isa = PBXFileReference; lastKnownFileType = sourcecode.swift; path = Interval.swift; sourceTree = "<group>"; };
		ADF12B581FE5C7B50033D29D /* 56.swift */ = {isa = PBXFileReference; lastKnownFileType = sourcecode.swift; path = 56.swift; sourceTree = "<group>"; };
		ADF12B5A1FE5CD630033D29D /* 442.swift */ = {isa = PBXFileReference; lastKnownFileType = sourcecode.swift; path = 442.swift; sourceTree = "<group>"; };
		ADF367D51FDD721200CAC10C /* 496.swift */ = {isa = PBXFileReference; lastKnownFileType = sourcecode.swift; path = 496.swift; sourceTree = "<group>"; };
		ADF367D91FDD8E0800CAC10C /* 122.swift */ = {isa = PBXFileReference; lastKnownFileType = sourcecode.swift; path = 122.swift; sourceTree = "<group>"; };
		ADF367DB1FDD8F1700CAC10C /* 455.swift */ = {isa = PBXFileReference; lastKnownFileType = sourcecode.swift; path = 455.swift; sourceTree = "<group>"; };
		ADF367DD1FDD90B700CAC10C /* 242.swift */ = {isa = PBXFileReference; lastKnownFileType = sourcecode.swift; path = 242.swift; sourceTree = "<group>"; };
		ADF367DF1FDD930200CAC10C /* 231.swift */ = {isa = PBXFileReference; lastKnownFileType = sourcecode.swift; path = 231.swift; sourceTree = "<group>"; };
		ADF367E11FDD93CA00CAC10C /* 268.swift */ = {isa = PBXFileReference; lastKnownFileType = sourcecode.swift; path = 268.swift; sourceTree = "<group>"; };
		ADF367E31FDD955200CAC10C /* 342.swift */ = {isa = PBXFileReference; lastKnownFileType = sourcecode.swift; path = 342.swift; sourceTree = "<group>"; };
		ADF367E51FDD9A3E00CAC10C /* 100.swift */ = {isa = PBXFileReference; lastKnownFileType = sourcecode.swift; path = 100.swift; sourceTree = "<group>"; };
		ADF367E71FDD9A5D00CAC10C /* TreeNode.swift */ = {isa = PBXFileReference; lastKnownFileType = sourcecode.swift; path = TreeNode.swift; sourceTree = "<group>"; };
		ADF367E91FDD9D0C00CAC10C /* 101.swift */ = {isa = PBXFileReference; lastKnownFileType = sourcecode.swift; path = 101.swift; sourceTree = "<group>"; };
		ADF367F01FDDA23D00CAC10C /* 104.swift */ = {isa = PBXFileReference; lastKnownFileType = sourcecode.swift; path = 104.swift; sourceTree = "<group>"; };
		ADF367F21FDDA44800CAC10C /* 107.swift */ = {isa = PBXFileReference; lastKnownFileType = sourcecode.swift; path = 107.swift; sourceTree = "<group>"; };
		ADF367F41FDDA69E00CAC10C /* 108.swift */ = {isa = PBXFileReference; lastKnownFileType = sourcecode.swift; path = 108.swift; sourceTree = "<group>"; };
		ADF367F61FDDABDC00CAC10C /* 110.swift */ = {isa = PBXFileReference; lastKnownFileType = sourcecode.swift; path = 110.swift; sourceTree = "<group>"; };
		ADF367F81FDDB2E300CAC10C /* 111.swift */ = {isa = PBXFileReference; lastKnownFileType = sourcecode.swift; path = 111.swift; sourceTree = "<group>"; };
		ADF367FB1FDDD02000CAC10C /* 720.swift */ = {isa = PBXFileReference; lastKnownFileType = sourcecode.swift; path = 720.swift; sourceTree = "<group>"; };
		ADF367FE1FDDD12400CAC10C /* 530.swift */ = {isa = PBXFileReference; lastKnownFileType = sourcecode.swift; path = 530.swift; sourceTree = "<group>"; };
/* End PBXFileReference section */

/* Begin PBXFrameworksBuildPhase section */
		AD3D4AEB1FDC062F006DD47C /* Frameworks */ = {
			isa = PBXFrameworksBuildPhase;
			buildActionMask = 2147483647;
			files = (
			);
			runOnlyForDeploymentPostprocessing = 0;
		};
/* End PBXFrameworksBuildPhase section */

/* Begin PBXGroup section */
		0060750F2C18CE50005BB5E4 /* 1700_1800 */ = {
			isa = PBXGroup;
			children = (
				006075102C18CE64005BB5E4 /* 1768.swift */,
			);
			path = 1700_1800;
			sourceTree = "<group>";
		};
		006075122C18D758005BB5E4 /* 1000_1100 */ = {
			isa = PBXGroup;
			children = (
				006075132C18D769005BB5E4 /* 1071.swift */,
			);
			path = 1000_1100;
			sourceTree = "<group>";
		};
		006075152C18DB61005BB5E4 /* 1400_1500 */ = {
			isa = PBXGroup;
			children = (
				006075162C18DB71005BB5E4 /* 1431.swift */,
			);
			path = 1400_1500;
			sourceTree = "<group>";
		};
		00CC7B3B2C1A0F74003BFFDA /* 1600_1700 */ = {
			isa = PBXGroup;
			children = (
				00CC7B3C2C1A0F88003BFFDA /* 1679.swift */,
			);
			path = 1600_1700;
			sourceTree = "<group>";
		};
		AD3D4AE51FDC062F006DD47C = {
			isa = PBXGroup;
			children = (
				AD3D4AF01FDC062F006DD47C /* LeetCodeTest */,
				AD3D4AEF1FDC062F006DD47C /* Products */,
			);
			sourceTree = "<group>";
		};
		AD3D4AEF1FDC062F006DD47C /* Products */ = {
			isa = PBXGroup;
			children = (
				AD3D4AEE1FDC062F006DD47C /* LeetCodeTest */,
			);
			name = Products;
			sourceTree = "<group>";
		};
		AD3D4AF01FDC062F006DD47C /* LeetCodeTest */ = {
			isa = PBXGroup;
			children = (
				ADAE6C1A2641CF270061F0B9 /* DataStructures */,
				AD9F819621FD5A7B00D150CB /* Algorithms */,
				AD3D4B0D1FDC2197006DD47C /* Model */,
				AD3D4AF81FDC0641006DD47C /* Problems */,
				AD3D4AF11FDC062F006DD47C /* main.swift */,
				AD3D4AF91FDC067E006DD47C /* ProblemProtocol.swift */,
			);
			path = LeetCodeTest;
			sourceTree = "<group>";
		};
		AD3D4AF81FDC0641006DD47C /* Problems */ = {
			isa = PBXGroup;
			children = (
				ADF367EB1FDDA1D500CAC10C /* 1_100 */,
				ADF367EC1FDDA1DA00CAC10C /* 101_200 */,
				ADF367ED1FDDA1E100CAC10C /* 201_300 */,
				ADF367EE1FDDA20600CAC10C /* 301_400 */,
				ADF367EF1FDDA21400CAC10C /* 401_500 */,
				ADF367FD1FDDD11200CAC10C /* 501_600 */,
				ADC482C71FE03FBD00A8F934 /* 601_700 */,
				ADF367FA1FDDCFED00CAC10C /* 701_800 */,
				ADC17F2E263EFC6500A1E5CB /* 801_900 */,
				AD85FAAD21FE9C6600129451 /* 901_1000 */,
				006075122C18D758005BB5E4 /* 1000_1100 */,
				ADC17F29263EF33100A1E5CB /* 1100_1200 */,
				006075152C18DB61005BB5E4 /* 1400_1500 */,
				00CC7B3B2C1A0F74003BFFDA /* 1600_1700 */,
				0060750F2C18CE50005BB5E4 /* 1700_1800 */,
			);
			path = Problems;
			sourceTree = "<group>";
		};
		AD3D4B0D1FDC2197006DD47C /* Model */ = {
			isa = PBXGroup;
			children = (
				AD3D4B0E1FDC21A0006DD47C /* ListNode.swift */,
				ADF367E71FDD9A5D00CAC10C /* TreeNode.swift */,
				ADF12B561FE5C71E0033D29D /* Interval.swift */,
			);
			path = Model;
			sourceTree = "<group>";
		};
		AD85FAAD21FE9C6600129451 /* 901_1000 */ = {
			isa = PBXGroup;
			children = (
				AD85FAAE21FE9C7C00129451 /* 925.swift */,
				AD20928422EC700C00E3C31F /* 929.swift */,
				AD2505A9232598B400CDDBE7 /* 937.swift */,
				AD2505A523257C6700CDDBE7 /* 973.swift */,
			);
			path = 901_1000;
			sourceTree = "<group>";
		};
		AD9F819621FD5A7B00D150CB /* Algorithms */ = {
			isa = PBXGroup;
			children = (
				AD9F819721FD5A8B00D150CB /* Kadane.swift */,
				AD9F819921FD638900D150CB /* StackUsingLinkedList.swift */,
				ADAF4A5A231601D200D57982 /* DisjointSet.swift */,
				ADC17F27263EE69200A1E5CB /* LinkedListLRU.swift */,
			);
			path = Algorithms;
			sourceTree = "<group>";
		};
		ADAE6C1A2641CF270061F0B9 /* DataStructures */ = {
			isa = PBXGroup;
			children = (
				ADAE6C1B2641CF490061F0B9 /* BinarySearchTree.swift */,
				ADAE6C1D2641CF500061F0B9 /* Heap.swift */,
			);
			path = DataStructures;
			sourceTree = "<group>";
		};
		ADC17F29263EF33100A1E5CB /* 1100_1200 */ = {
			isa = PBXGroup;
			children = (
				ADC17F2A263EF37D00A1E5CB /* 1114.swift */,
			);
			path = 1100_1200;
			sourceTree = "<group>";
		};
		ADC17F2E263EFC6500A1E5CB /* 801_900 */ = {
			isa = PBXGroup;
			children = (
				ADC17F2F263EFC7800A1E5CB /* 811.swift */,
			);
			path = 801_900;
			sourceTree = "<group>";
		};
		ADC482C71FE03FBD00A8F934 /* 601_700 */ = {
			isa = PBXGroup;
			children = (
				AD4504B422EC55A900AF1689 /* 617.swift */,
				ADC5D6C22640944B0063805F /* 683.swift */,
				ADC482C81FE03FD700A8F934 /* 687.swift */,
				ADCCBEEA26448B3D001907DD /* 695.swift */,
				006075182C18DDF0005BB5E4 /* 605.swift */,
			);
			path = 601_700;
			sourceTree = "<group>";
		};
		ADF367EB1FDDA1D500CAC10C /* 1_100 */ = {
			isa = PBXGroup;
			children = (
				AD3D4AFE1FDC06B4006DD47C /* 1.swift */,
				AD6AAF231FF90C0100313D88 /* 2.swift */,
				ADC0CDCC1FF804830035BB4F /* 3.swift */,
				AD13A6F02040865300D6B40F /* 5.swift */,
				AD3D4B001FDC0892006DD47C /* 7.swift */,
				AD3D4B021FDC0B3E006DD47C /* 9.swift */,
				AD9DB96F1FE1850900FF83FB /* 11.swift */,
				AD3D4B041FDC0D74006DD47C /* 13.swift */,
				AD3D4B061FDC1154006DD47C /* 14.swift */,
				AD3EA5351FE5A30A005D3FCB /* 15.swift */,
				AD3EA5371FE5ADA6005D3FCB /* 16.swift */,
				AD4504AC22EC556C00AF1689 /* 17.swift */,
				ADC10BE91FE6BC5400337302 /* 18.swift */,
				AD6AAF251FF90F2200313D88 /* 19.swift */,
				AD3D4B081FDC1E55006DD47C /* 20.swift */,
				AD3D4B0A1FDC2083006DD47C /* 21.swift */,
				AD20929222EC9E6600E3C31F /* 22.swift */,
				AD20929022EC87CA00E3C31F /* 23.swift */,
				AD6AAF271FF9164700313D88 /* 24.swift */,
				AD3D4B101FDC293E006DD47C /* 26.swift */,
				AD3D4B151FDC2B7B006DD47C /* 27.swift */,
				AD3D4B171FDC2C52006DD47C /* 28.swift */,
				AD930D8422F397BE0083A99B /* 31.swift */,
				AD2505AD2325C25200CDDBE7 /* 33.swift */,
				AD3D4B1A1FDC2F1C006DD47C /* 35.swift */,
				ADC0CDCE1FF8091F0035BB4F /* 36.swift */,
				AD70F0AE22DA72C100654E08 /* 38.swift */,
				AD20928E22EC83F100E3C31F /* 42.swift */,
				ADAF4A5C2316101A00D57982 /* 46.swift */,
				ADC0CDD01FF80E540035BB4F /* 49.swift */,
				AD3D4B1D1FDC30EC006DD47C /* 53.swift */,
				ADF12B581FE5C7B50033D29D /* 56.swift */,
				AD3D4B1F1FDC332B006DD47C /* 58.swift */,
				AD3D4B221FDC3472006DD47C /* 66.swift */,
				AD3D4B241FDC36B0006DD47C /* 67.swift */,
				ADCCBEEC264490BA001907DD /* 68.swift */,
				AD3D4B261FDC40E1006DD47C /* 69.swift */,
				AD3D4B281FDC4137006DD47C /* 70.swift */,
				AD3D4B2B1FDC433E006DD47C /* 83.swift */,
				AD3D4B2D1FDC4504006DD47C /* 88.swift */,
				ADC0CDD21FF813ED0035BB4F /* 94.swift */,
				ADF367E51FDD9A3E00CAC10C /* 100.swift */,
			);
			path = 1_100;
			sourceTree = "<group>";
		};
		ADF367EC1FDDA1DA00CAC10C /* 101_200 */ = {
			isa = PBXGroup;
			children = (
				ADF367E91FDD9D0C00CAC10C /* 101.swift */,
				ADF367F01FDDA23D00CAC10C /* 104.swift */,
				ADF367F21FDDA44800CAC10C /* 107.swift */,
				ADF367F41FDDA69E00CAC10C /* 108.swift */,
				ADF367F61FDDABDC00CAC10C /* 110.swift */,
				ADF367F81FDDB2E300CAC10C /* 111.swift */,
				AD9F819B21FD65E000D150CB /* 112.swift */,
				ADC5C6CD21F985CC00ADAD61 /* 118.swift */,
				AD9F819D21FD6C5900D150CB /* 119.swift */,
				AD3D4B4A1FDC843C006DD47C /* 121.swift */,
				ADF367D91FDD8E0800CAC10C /* 122.swift */,
				AD85FAA021FE7E9F00129451 /* 125.swift */,
				AD3D4B301FDC49F3006DD47C /* 136.swift */,
				AD70F0B022DA768C00654E08 /* 141.swift */,
				AD4504B822EC55E500AF1689 /* 146.swift */,
				0060751C2C18E4A4005BB5E4 /* 151.swift */,
				ADC5C6CB21F981FE00ADAD61 /* 155.swift */,
				AD70F0B222DA795500654E08 /* 160.swift */,
				AD3D4B401FDC7DB6006DD47C /* 167.swift */,
				AD85FAA821FE8A4A00129451 /* 168.swift */,
				AD3D4B481FDC82F1006DD47C /* 169.swift */,
				AD70F0B422DA7B6000654E08 /* 171.swift */,
				AD70F0B622DA7CD500654E08 /* 172.swift */,
				AD2505AB2325BF3100CDDBE7 /* 175.swift */,
				AD4658F52325D8E90029259C /* 177.swift */,
				AD85FA9C21FE638F00129451 /* 189.swift */,
				433FDC9B22DF8F0100A49821 /* 190.swift */,
				AD70F0B822DA7D9000654E08 /* 191.swift */,
				433FDC9D22DF902400A49821 /* 198.swift */,
				AD20928622EC766200E3C31F /* 200.swift */,
			);
			path = 101_200;
			sourceTree = "<group>";
		};
		ADF367ED1FDDA1E100CAC10C /* 201_300 */ = {
			isa = PBXGroup;
			children = (
				AD3D4B321FDC4B63006DD47C /* 202.swift */,
				AD3D4B3A1FDC50BD006DD47C /* 203.swift */,
				AD3D4B341FDC4C9D006DD47C /* 204.swift */,
				AD3D4B361FDC4E49006DD47C /* 205.swift */,
				AD3D4B3C1FDC5211006DD47C /* 206.swift */,
				AD9F819F21FD785200D150CB /* 217.swift */,
				AD9F81A121FD798700D150CB /* 219.swift */,
				433FDCA922DFA13900A49821 /* 226.swift */,
				ADF367DF1FDD930200CAC10C /* 231.swift */,
				AD3D4B3E1FDC5482006DD47C /* 236.swift */,
				433FDC9F22DF959800A49821 /* 237.swift */,
				AD2505A723258FD400CDDBE7 /* 238.swift */,
				ADF367DD1FDD90B700CAC10C /* 242.swift */,
				AD20928822EC7A9A00E3C31F /* 253.swift */,
				ADF367E11FDD93CA00CAC10C /* 268.swift */,
				AD85FAAA21FE8EE400129451 /* 283.swift */,
				AD651E042314B4AE0075C151 /* 287.swift */,
				AD13D7AD22F38DD10016B539 /* 289.swift */,
				AD9F81A321FD7C7C00D150CB /* 290.swift */,
				AD9DB96D1FE1811C00FF83FB /* 292.swift */,
			);
			path = 201_300;
			sourceTree = "<group>";
		};
		ADF367EE1FDDA20600CAC10C /* 301_400 */ = {
			isa = PBXGroup;
			children = (
				433FDCA122DF96D500A49821 /* 326.swift */,
				0060751E2C18E814005BB5E4 /* 334.swift */,
				ADC17F2C263EF3BD00A1E5CB /* 338.swift */,
				ADF367E31FDD955200CAC10C /* 342.swift */,
				433FDCA322DF980400A49821 /* 344.swift */,
				0060751A2C18E1DE005BB5E4 /* 345.swift */,
				AD3D4B441FDC7F49006DD47C /* 349.swift */,
				AD3D4B461FDC80F5006DD47C /* 350.swift */,
				ADC17F31263F00DB00A1E5CB /* 359.swift */,
				AD70F0BA22DA7FA600654E08 /* 371.swift */,
				ADCC3AA722150B8800CFFFE1 /* 380.swift */,
				433FDCA522DF9A8700A49821 /* 387.swift */,
				ADDAD20026402C00001F3B8F /* 388.swift */,
				006075222C18EEEB005BB5E4 /* 392.swift */,
			);
			path = 301_400;
			sourceTree = "<group>";
		};
		ADF367EF1FDDA21400CAC10C /* 401_500 */ = {
			isa = PBXGroup;
			children = (
				AD3D4B4E1FDC8AA8006DD47C /* 401.swift */,
				AD85FAA221FE833300129451 /* 409.swift */,
				433FDCA722DF9ECE00A49821 /* 412.swift */,
				AD85FA9E21FE7CA900129451 /* 414.swift */,
				AD20928C22EC7E1800E3C31F /* 415.swift */,
				433FDCAB22DFA26300A49821 /* 437.swift */,
				433FDCAD22DFA56000A49821 /* 438.swift */,
				ADF12B5A1FE5CD630033D29D /* 442.swift */,
				AD4504B622EC55BD00AF1689 /* 448.swift */,
				ADF367DB1FDD8F1700CAC10C /* 455.swift */,
				ADF367D51FDD721200CAC10C /* 496.swift */,
				006075202C18EB04005BB5E4 /* 443.swift */,
			);
			path = 401_500;
			sourceTree = "<group>";
		};
		ADF367FA1FDDCFED00CAC10C /* 701_800 */ = {
			isa = PBXGroup;
			children = (
				ADF367FB1FDDD02000CAC10C /* 720.swift */,
			);
			path = 701_800;
			sourceTree = "<group>";
		};
		ADF367FD1FDDD11200CAC10C /* 501_600 */ = {
			isa = PBXGroup;
			children = (
				ADF367FE1FDDD12400CAC10C /* 530.swift */,
				AD4504B022EC559300AF1689 /* 538.swift */,
				AD4504AE22EC559300AF1689 /* 543.swift */,
				002C0FF32B796F3500B264C1 /* 560.swift */,
				AD85FAA421FE87C800129451 /* 575.swift */,
				AD4504AF22EC559300AF1689 /* 581.swift */,
			);
			path = 501_600;
			sourceTree = "<group>";
		};
/* End PBXGroup section */

/* Begin PBXNativeTarget section */
		AD3D4AED1FDC062F006DD47C /* LeetCodeTest */ = {
			isa = PBXNativeTarget;
			buildConfigurationList = AD3D4AF51FDC062F006DD47C /* Build configuration list for PBXNativeTarget "LeetCodeTest" */;
			buildPhases = (
				AD3D4AEA1FDC062F006DD47C /* Sources */,
				AD3D4AEB1FDC062F006DD47C /* Frameworks */,
				AD3D4AEC1FDC062F006DD47C /* CopyFiles */,
			);
			buildRules = (
			);
			dependencies = (
			);
			name = LeetCodeTest;
			productName = LeetCodeTest;
			productReference = AD3D4AEE1FDC062F006DD47C /* LeetCodeTest */;
			productType = "com.apple.product-type.tool";
		};
/* End PBXNativeTarget section */

/* Begin PBXProject section */
		AD3D4AE61FDC062F006DD47C /* Project object */ = {
			isa = PBXProject;
			attributes = {
				LastSwiftUpdateCheck = 0920;
				LastUpgradeCheck = 1020;
				ORGANIZATIONNAME = tsevealt;
				TargetAttributes = {
					AD3D4AED1FDC062F006DD47C = {
						CreatedOnToolsVersion = 9.2;
						LastSwiftMigration = 1020;
						ProvisioningStyle = Automatic;
					};
				};
			};
			buildConfigurationList = AD3D4AE91FDC062F006DD47C /* Build configuration list for PBXProject "LeetCodeTest" */;
			compatibilityVersion = "Xcode 8.0";
			developmentRegion = en;
			hasScannedForEncodings = 0;
			knownRegions = (
				en,
				Base,
			);
			mainGroup = AD3D4AE51FDC062F006DD47C;
			productRefGroup = AD3D4AEF1FDC062F006DD47C /* Products */;
			projectDirPath = "";
			projectRoot = "";
			targets = (
				AD3D4AED1FDC062F006DD47C /* LeetCodeTest */,
			);
		};
/* End PBXProject section */

/* Begin PBXSourcesBuildPhase section */
		AD3D4AEA1FDC062F006DD47C /* Sources */ = {
			isa = PBXSourcesBuildPhase;
			buildActionMask = 2147483647;
			files = (
				AD9F81A221FD798700D150CB /* 219.swift in Sources */,
				AD2505AC2325BF3100CDDBE7 /* 175.swift in Sources */,
				AD85FAA321FE833300129451 /* 409.swift in Sources */,
				433FDCAC22DFA26300A49821 /* 437.swift in Sources */,
				AD4504AD22EC556C00AF1689 /* 17.swift in Sources */,
				433FDCA422DF980400A49821 /* 344.swift in Sources */,
				ADF367DC1FDD8F1700CAC10C /* 455.swift in Sources */,
				AD3D4B201FDC332B006DD47C /* 58.swift in Sources */,
				AD13D7AE22F38DD10016B539 /* 289.swift in Sources */,
				AD2505AA232598B400CDDBE7 /* 937.swift in Sources */,
				AD9F81A021FD785200D150CB /* 217.swift in Sources */,
				AD2505AE2325C25200CDDBE7 /* 33.swift in Sources */,
				433FDC9C22DF8F0100A49821 /* 190.swift in Sources */,
				433FDC9E22DF902400A49821 /* 198.swift in Sources */,
				006075172C18DB71005BB5E4 /* 1431.swift in Sources */,
				AD20928D22EC7E1800E3C31F /* 415.swift in Sources */,
				AD4658F62325D8E90029259C /* 177.swift in Sources */,
				433FDCA222DF96D500A49821 /* 326.swift in Sources */,
				AD3D4B3B1FDC50BD006DD47C /* 203.swift in Sources */,
				AD3D4B471FDC80F5006DD47C /* 350.swift in Sources */,
				ADF367DA1FDD8E0800CAC10C /* 122.swift in Sources */,
				ADF12B591FE5C7B50033D29D /* 56.swift in Sources */,
				ADF12B5B1FE5CD630033D29D /* 442.swift in Sources */,
				433FDCA622DF9A8700A49821 /* 387.swift in Sources */,
				AD3D4AFF1FDC06B4006DD47C /* 1.swift in Sources */,
				AD9F819A21FD638900D150CB /* StackUsingLinkedList.swift in Sources */,
				AD3D4B251FDC36B0006DD47C /* 67.swift in Sources */,
				ADC10BEA1FE6BC5400337302 /* 18.swift in Sources */,
				AD85FAA121FE7E9F00129451 /* 125.swift in Sources */,
				AD70F0B322DA795500654E08 /* 160.swift in Sources */,
				006075192C18DDF0005BB5E4 /* 605.swift in Sources */,
				AD9F81A421FD7C7C00D150CB /* 290.swift in Sources */,
				ADF367F91FDDB2E300CAC10C /* 111.swift in Sources */,
				AD3D4B451FDC7F49006DD47C /* 349.swift in Sources */,
				AD3D4B3D1FDC5211006DD47C /* 206.swift in Sources */,
				006075112C18CE64005BB5E4 /* 1768.swift in Sources */,
				AD3D4B0F1FDC21A0006DD47C /* ListNode.swift in Sources */,
				AD3D4B011FDC0892006DD47C /* 7.swift in Sources */,
				AD2505A823258FD400CDDBE7 /* 238.swift in Sources */,
				AD70F0B522DA7B6000654E08 /* 171.swift in Sources */,
				AD3D4B4F1FDC8AA8006DD47C /* 401.swift in Sources */,
				ADC0CDD11FF80E540035BB4F /* 49.swift in Sources */,
				0060751D2C18E4A4005BB5E4 /* 151.swift in Sources */,
				AD6AAF281FF9164700313D88 /* 24.swift in Sources */,
				AD85FAA521FE87C800129451 /* 575.swift in Sources */,
				AD9DB9701FE1850900FF83FB /* 11.swift in Sources */,
				AD13A6F12040865300D6B40F /* 5.swift in Sources */,
				433FDCAE22DFA56000A49821 /* 438.swift in Sources */,
				ADF367DE1FDD90B700CAC10C /* 242.swift in Sources */,
				AD3D4B3F1FDC5482006DD47C /* 236.swift in Sources */,
				AD4504B922EC55E500AF1689 /* 146.swift in Sources */,
				AD20928922EC7A9A00E3C31F /* 253.swift in Sources */,
				AD20928722EC766200E3C31F /* 200.swift in Sources */,
				AD3D4B0B1FDC2083006DD47C /* 21.swift in Sources */,
				ADAE6C1C2641CF490061F0B9 /* BinarySearchTree.swift in Sources */,
				AD9F819C21FD65E000D150CB /* 112.swift in Sources */,
				AD70F0BB22DA7FA600654E08 /* 371.swift in Sources */,
				AD3EA5381FE5ADA6005D3FCB /* 16.swift in Sources */,
				433FDCAA22DFA13900A49821 /* 226.swift in Sources */,
				AD3D4B4B1FDC843C006DD47C /* 121.swift in Sources */,
				ADC0CDD31FF813ED0035BB4F /* 94.swift in Sources */,
				ADC17F2D263EF3BD00A1E5CB /* 338.swift in Sources */,
				ADF367FF1FDDD12400CAC10C /* 530.swift in Sources */,
				AD20929322EC9E6600E3C31F /* 22.swift in Sources */,
				ADF367F11FDDA23D00CAC10C /* 104.swift in Sources */,
				ADC5C6CE21F985CC00ADAD61 /* 118.swift in Sources */,
				AD3D4B181FDC2C52006DD47C /* 28.swift in Sources */,
				AD4504B122EC559300AF1689 /* 543.swift in Sources */,
				AD3D4AF21FDC062F006DD47C /* main.swift in Sources */,
				ADCCBEEB26448B3D001907DD /* 695.swift in Sources */,
				AD85FAA921FE8A4A00129451 /* 168.swift in Sources */,
				006075212C18EB04005BB5E4 /* 443.swift in Sources */,
				AD70F0B122DA768C00654E08 /* 141.swift in Sources */,
				AD2505A623257C6700CDDBE7 /* 973.swift in Sources */,
				AD3D4B031FDC0B3E006DD47C /* 9.swift in Sources */,
				ADF12B571FE5C71E0033D29D /* Interval.swift in Sources */,
				ADF367FC1FDDD02000CAC10C /* 720.swift in Sources */,
				ADC0CDCF1FF8091F0035BB4F /* 36.swift in Sources */,
				ADC0CDCD1FF804830035BB4F /* 3.swift in Sources */,
				ADAE6C1E2641CF510061F0B9 /* Heap.swift in Sources */,
				AD3D4AFA1FDC067E006DD47C /* ProblemProtocol.swift in Sources */,
				AD3D4B1E1FDC30EC006DD47C /* 53.swift in Sources */,
				ADC17F32263F00DB00A1E5CB /* 359.swift in Sources */,
				AD20929122EC87CA00E3C31F /* 23.swift in Sources */,
				AD20928F22EC83F100E3C31F /* 42.swift in Sources */,
				ADAF4A5D2316101A00D57982 /* 46.swift in Sources */,
				AD3D4B491FDC82F1006DD47C /* 169.swift in Sources */,
				ADF367E41FDD955200CAC10C /* 342.swift in Sources */,
				AD9DB96E1FE1811C00FF83FB /* 292.swift in Sources */,
				AD85FA9D21FE638F00129451 /* 189.swift in Sources */,
				ADF367E21FDD93CA00CAC10C /* 268.swift in Sources */,
				AD3D4B231FDC3472006DD47C /* 66.swift in Sources */,
				0060751B2C18E1DE005BB5E4 /* 345.swift in Sources */,
				ADF367D61FDD721200CAC10C /* 496.swift in Sources */,
				AD70F0AF22DA72C100654E08 /* 38.swift in Sources */,
				ADF367EA1FDD9D0C00CAC10C /* 101.swift in Sources */,
				AD6AAF241FF90C0100313D88 /* 2.swift in Sources */,
				AD20928522EC700C00E3C31F /* 929.swift in Sources */,
				AD85FAAF21FE9C7C00129451 /* 925.swift in Sources */,
				433FDCA822DF9ECE00A49821 /* 412.swift in Sources */,
				ADF367F31FDDA44800CAC10C /* 107.swift in Sources */,
				AD3D4B351FDC4C9D006DD47C /* 204.swift in Sources */,
				002C0FF42B796F3500B264C1 /* 560.swift in Sources */,
				ADF367E01FDD930200CAC10C /* 231.swift in Sources */,
				AD4504B722EC55BD00AF1689 /* 448.swift in Sources */,
				AD4504B322EC559300AF1689 /* 538.swift in Sources */,
				AD3D4B091FDC1E55006DD47C /* 20.swift in Sources */,
				AD3D4B161FDC2B7B006DD47C /* 27.swift in Sources */,
				AD9F819821FD5A8B00D150CB /* Kadane.swift in Sources */,
				AD85FAAB21FE8EE400129451 /* 283.swift in Sources */,
				AD4504B222EC559300AF1689 /* 581.swift in Sources */,
				AD3D4B071FDC1154006DD47C /* 14.swift in Sources */,
				AD3D4B111FDC293E006DD47C /* 26.swift in Sources */,
				AD70F0B922DA7D9000654E08 /* 191.swift in Sources */,
				AD3D4B331FDC4B63006DD47C /* 202.swift in Sources */,
				AD85FA9F21FE7CA900129451 /* 414.swift in Sources */,
				AD3D4B051FDC0D74006DD47C /* 13.swift in Sources */,
				AD651E052314B4AE0075C151 /* 287.swift in Sources */,
				ADC5D6C32640944B0063805F /* 683.swift in Sources */,
				AD3D4B371FDC4E49006DD47C /* 205.swift in Sources */,
				ADC17F2B263EF37D00A1E5CB /* 1114.swift in Sources */,
				AD4504B522EC55A900AF1689 /* 617.swift in Sources */,
				ADCCBEED264490BA001907DD /* 68.swift in Sources */,
				ADC5C6CC21F981FE00ADAD61 /* 155.swift in Sources */,
				ADCC3AA822150B8800CFFFE1 /* 380.swift in Sources */,
				AD3D4B411FDC7DB6006DD47C /* 167.swift in Sources */,
				AD9F819E21FD6C5900D150CB /* 119.swift in Sources */,
				ADC482C91FE03FD700A8F934 /* 687.swift in Sources */,
				ADC17F30263EFC7800A1E5CB /* 811.swift in Sources */,
				AD6AAF261FF90F2200313D88 /* 19.swift in Sources */,
				ADF367E61FDD9A3E00CAC10C /* 100.swift in Sources */,
				ADF367E81FDD9A5D00CAC10C /* TreeNode.swift in Sources */,
				006075142C18D769005BB5E4 /* 1071.swift in Sources */,
				ADC17F28263EE69200A1E5CB /* LinkedListLRU.swift in Sources */,
				006075232C18EEEB005BB5E4 /* 392.swift in Sources */,
				AD3D4B2E1FDC4504006DD47C /* 88.swift in Sources */,
				00CC7B3D2C1A0F88003BFFDA /* 1679.swift in Sources */,
				433FDCA022DF959800A49821 /* 237.swift in Sources */,
				ADAF4A5B231601D200D57982 /* DisjointSet.swift in Sources */,
				AD3D4B2C1FDC433E006DD47C /* 83.swift in Sources */,
				AD3EA5361FE5A30A005D3FCB /* 15.swift in Sources */,
				ADDAD20126402C00001F3B8F /* 388.swift in Sources */,
				AD3D4B311FDC49F3006DD47C /* 136.swift in Sources */,
				ADF367F51FDDA69E00CAC10C /* 108.swift in Sources */,
				ADF367F71FDDABDC00CAC10C /* 110.swift in Sources */,
				AD3D4B271FDC40E1006DD47C /* 69.swift in Sources */,
				AD930D8522F397BE0083A99B /* 31.swift in Sources */,
				AD3D4B291FDC4137006DD47C /* 70.swift in Sources */,
				AD70F0B722DA7CD500654E08 /* 172.swift in Sources */,
				0060751F2C18E814005BB5E4 /* 334.swift in Sources */,
				AD3D4B1B1FDC2F1C006DD47C /* 35.swift in Sources */,
			);
			runOnlyForDeploymentPostprocessing = 0;
		};
/* End PBXSourcesBuildPhase section */

/* Begin XCBuildConfiguration section */
		AD3D4AF31FDC062F006DD47C /* Debug */ = {
			isa = XCBuildConfiguration;
			buildSettings = {
				ALWAYS_SEARCH_USER_PATHS = NO;
				CLANG_ANALYZER_NONNULL = YES;
				CLANG_ANALYZER_NUMBER_OBJECT_CONVERSION = YES_AGGRESSIVE;
				CLANG_CXX_LANGUAGE_STANDARD = "gnu++14";
				CLANG_CXX_LIBRARY = "libc++";
				CLANG_ENABLE_MODULES = YES;
				CLANG_ENABLE_OBJC_ARC = YES;
				CLANG_WARN_BLOCK_CAPTURE_AUTORELEASING = YES;
				CLANG_WARN_BOOL_CONVERSION = YES;
				CLANG_WARN_COMMA = YES;
				CLANG_WARN_CONSTANT_CONVERSION = YES;
				CLANG_WARN_DEPRECATED_OBJC_IMPLEMENTATIONS = YES;
				CLANG_WARN_DIRECT_OBJC_ISA_USAGE = YES_ERROR;
				CLANG_WARN_DOCUMENTATION_COMMENTS = YES;
				CLANG_WARN_EMPTY_BODY = YES;
				CLANG_WARN_ENUM_CONVERSION = YES;
				CLANG_WARN_INFINITE_RECURSION = YES;
				CLANG_WARN_INT_CONVERSION = YES;
				CLANG_WARN_NON_LITERAL_NULL_CONVERSION = YES;
				CLANG_WARN_OBJC_IMPLICIT_RETAIN_SELF = YES;
				CLANG_WARN_OBJC_LITERAL_CONVERSION = YES;
				CLANG_WARN_OBJC_ROOT_CLASS = YES_ERROR;
				CLANG_WARN_RANGE_LOOP_ANALYSIS = YES;
				CLANG_WARN_STRICT_PROTOTYPES = YES;
				CLANG_WARN_SUSPICIOUS_MOVE = YES;
				CLANG_WARN_UNGUARDED_AVAILABILITY = YES_AGGRESSIVE;
				CLANG_WARN_UNREACHABLE_CODE = YES;
				CLANG_WARN__DUPLICATE_METHOD_MATCH = YES;
				CODE_SIGN_IDENTITY = "Mac Developer";
				COPY_PHASE_STRIP = NO;
				DEBUG_INFORMATION_FORMAT = dwarf;
				ENABLE_STRICT_OBJC_MSGSEND = YES;
				ENABLE_TESTABILITY = YES;
				GCC_C_LANGUAGE_STANDARD = gnu11;
				GCC_DYNAMIC_NO_PIC = NO;
				GCC_NO_COMMON_BLOCKS = YES;
				GCC_OPTIMIZATION_LEVEL = 0;
				GCC_PREPROCESSOR_DEFINITIONS = (
					"DEBUG=1",
					"$(inherited)",
				);
				GCC_WARN_64_TO_32_BIT_CONVERSION = YES;
				GCC_WARN_ABOUT_RETURN_TYPE = YES_ERROR;
				GCC_WARN_UNDECLARED_SELECTOR = YES;
				GCC_WARN_UNINITIALIZED_AUTOS = YES_AGGRESSIVE;
				GCC_WARN_UNUSED_FUNCTION = YES;
				GCC_WARN_UNUSED_VARIABLE = YES;
				MACOSX_DEPLOYMENT_TARGET = 13.0;
				MTL_ENABLE_DEBUG_INFO = YES;
				ONLY_ACTIVE_ARCH = YES;
				SDKROOT = macosx;
				SWIFT_ACTIVE_COMPILATION_CONDITIONS = DEBUG;
				SWIFT_OPTIMIZATION_LEVEL = "-Onone";
			};
			name = Debug;
		};
		AD3D4AF41FDC062F006DD47C /* Release */ = {
			isa = XCBuildConfiguration;
			buildSettings = {
				ALWAYS_SEARCH_USER_PATHS = NO;
				CLANG_ANALYZER_NONNULL = YES;
				CLANG_ANALYZER_NUMBER_OBJECT_CONVERSION = YES_AGGRESSIVE;
				CLANG_CXX_LANGUAGE_STANDARD = "gnu++14";
				CLANG_CXX_LIBRARY = "libc++";
				CLANG_ENABLE_MODULES = YES;
				CLANG_ENABLE_OBJC_ARC = YES;
				CLANG_WARN_BLOCK_CAPTURE_AUTORELEASING = YES;
				CLANG_WARN_BOOL_CONVERSION = YES;
				CLANG_WARN_COMMA = YES;
				CLANG_WARN_CONSTANT_CONVERSION = YES;
				CLANG_WARN_DEPRECATED_OBJC_IMPLEMENTATIONS = YES;
				CLANG_WARN_DIRECT_OBJC_ISA_USAGE = YES_ERROR;
				CLANG_WARN_DOCUMENTATION_COMMENTS = YES;
				CLANG_WARN_EMPTY_BODY = YES;
				CLANG_WARN_ENUM_CONVERSION = YES;
				CLANG_WARN_INFINITE_RECURSION = YES;
				CLANG_WARN_INT_CONVERSION = YES;
				CLANG_WARN_NON_LITERAL_NULL_CONVERSION = YES;
				CLANG_WARN_OBJC_IMPLICIT_RETAIN_SELF = YES;
				CLANG_WARN_OBJC_LITERAL_CONVERSION = YES;
				CLANG_WARN_OBJC_ROOT_CLASS = YES_ERROR;
				CLANG_WARN_RANGE_LOOP_ANALYSIS = YES;
				CLANG_WARN_STRICT_PROTOTYPES = YES;
				CLANG_WARN_SUSPICIOUS_MOVE = YES;
				CLANG_WARN_UNGUARDED_AVAILABILITY = YES_AGGRESSIVE;
				CLANG_WARN_UNREACHABLE_CODE = YES;
				CLANG_WARN__DUPLICATE_METHOD_MATCH = YES;
				CODE_SIGN_IDENTITY = "Mac Developer";
				COPY_PHASE_STRIP = NO;
				DEBUG_INFORMATION_FORMAT = "dwarf-with-dsym";
				ENABLE_NS_ASSERTIONS = NO;
				ENABLE_STRICT_OBJC_MSGSEND = YES;
				GCC_C_LANGUAGE_STANDARD = gnu11;
				GCC_NO_COMMON_BLOCKS = YES;
				GCC_WARN_64_TO_32_BIT_CONVERSION = YES;
				GCC_WARN_ABOUT_RETURN_TYPE = YES_ERROR;
				GCC_WARN_UNDECLARED_SELECTOR = YES;
				GCC_WARN_UNINITIALIZED_AUTOS = YES_AGGRESSIVE;
				GCC_WARN_UNUSED_FUNCTION = YES;
				GCC_WARN_UNUSED_VARIABLE = YES;
				MACOSX_DEPLOYMENT_TARGET = 13.0;
				MTL_ENABLE_DEBUG_INFO = NO;
				SDKROOT = macosx;
				SWIFT_OPTIMIZATION_LEVEL = "-Owholemodule";
			};
			name = Release;
		};
		AD3D4AF61FDC062F006DD47C /* Debug */ = {
			isa = XCBuildConfiguration;
			buildSettings = {
				CODE_SIGN_STYLE = Automatic;
				DEVELOPMENT_TEAM = AASY6PM5S9;
				PRODUCT_NAME = "$(TARGET_NAME)";
				SWIFT_VERSION = 5.0;
			};
			name = Debug;
		};
		AD3D4AF71FDC062F006DD47C /* Release */ = {
			isa = XCBuildConfiguration;
			buildSettings = {
				CODE_SIGN_STYLE = Automatic;
				DEVELOPMENT_TEAM = AASY6PM5S9;
				PRODUCT_NAME = "$(TARGET_NAME)";
				SWIFT_VERSION = 5.0;
			};
			name = Release;
		};
/* End XCBuildConfiguration section */

/* Begin XCConfigurationList section */
		AD3D4AE91FDC062F006DD47C /* Build configuration list for PBXProject "LeetCodeTest" */ = {
			isa = XCConfigurationList;
			buildConfigurations = (
				AD3D4AF31FDC062F006DD47C /* Debug */,
				AD3D4AF41FDC062F006DD47C /* Release */,
			);
			defaultConfigurationIsVisible = 0;
			defaultConfigurationName = Release;
		};
		AD3D4AF51FDC062F006DD47C /* Build configuration list for PBXNativeTarget "LeetCodeTest" */ = {
			isa = XCConfigurationList;
			buildConfigurations = (
				AD3D4AF61FDC062F006DD47C /* Debug */,
				AD3D4AF71FDC062F006DD47C /* Release */,
			);
			defaultConfigurationIsVisible = 0;
			defaultConfigurationName = Release;
		};
/* End XCConfigurationList section */
	};
	rootObject = AD3D4AE61FDC062F006DD47C /* Project object */;
}
